
Microsoft Visual Studio Solution File, Format Version 12.00
# Visual Studio Version 17
VisualStudioVersion = 17.1.32414.318
MinimumVisualStudioVersion = 10.0.40219.1
Project("{FAE04EC0-301F-11D3-BF4B-00C04F79EFBC}") = "Task12_1_5", "Task12_1_5.csproj", "{799DCD4A-8991-4BFC-8C91-869554D06CE4}"
EndProject
Global
	GlobalSection(SolutionConfigurationPlatforms) = preSolution
		Debug|Any CPU = Debug|Any CPU
		Release|Any CPU = Release|Any CPU
	EndGlobalSection
	GlobalSection(ProjectConfigurationPlatforms) = postSolution
		{799DCD4A-8991-4BFC-8C91-869554D06CE4}.Debug|Any CPU.ActiveCfg = Debug|Any CPU
		{799DCD4A-8991-4BFC-8C91-869554D06CE4}.Debug|Any CPU.Build.0 = Debug|Any CPU
		{799DCD4A-8991-4BFC-8C91-869554D06CE4}.Release|Any CPU.ActiveCfg = Release|Any CPU
		{799DCD4A-8991-4BFC-8C91-869554D06CE4}.Release|Any CPU.Build.0 = Release|Any CPU
	EndGlobalSection
	GlobalSection(SolutionProperties) = preSolution
		HideSolutionNode = FALSE
	EndGlobalSection
	GlobalSection(ExtensibilityGlobals) = postSolution
		SolutionGuid = {527471C7-E90D-4A49-8D29-8ACBE147D1C2}
	EndGlobalSection
EndGlobal
